// !$*UTF8*$!
{
	archiveVersion = 1;
	classes = {
	};
	objectVersion = 50;
	objects = {

/* Begin PBXBuildFile section */
		1D3431CB24C990B500B2C6AD /* AppDelegate.m in Sources */ = {isa = PBXBuildFile; fileRef = 1D3431CA24C990B500B2C6AD /* AppDelegate.m */; };
		1D3431D124C990B500B2C6AD /* ViewController.m in Sources */ = {isa = PBXBuildFile; fileRef = 1D3431D024C990B500B2C6AD /* ViewController.m */; };
		1D3431D624C990B700B2C6AD /* Assets.xcassets in Resources */ = {isa = PBXBuildFile; fileRef = 1D3431D524C990B700B2C6AD /* Assets.xcassets */; };
		1D3431D924C990B700B2C6AD /* LaunchScreen.storyboard in Resources */ = {isa = PBXBuildFile; fileRef = 1D3431D724C990B700B2C6AD /* LaunchScreen.storyboard */; };
		1D3431DC24C990B700B2C6AD /* main.m in Sources */ = {isa = PBXBuildFile; fileRef = 1D3431DB24C990B700B2C6AD /* main.m */; };
		1D3431E424C994F800B2C6AD /* LMUProxyObj.m in Sources */ = {isa = PBXBuildFile; fileRef = 1D3431E324C994F800B2C6AD /* LMUProxyObj.m */; };
/* End PBXBuildFile section */

/* Begin PBXFileReference section */
		1D3431C624C990B500B2C6AD /* LMUProxyObjTest.app */ = {isa = PBXFileReference; explicitFileType = wrapper.application; includeInIndex = 0; path = LMUProxyObjTest.app; sourceTree = BUILT_PRODUCTS_DIR; };
		1D3431C924C990B500B2C6AD /* AppDelegate.h */ = {isa = PBXFileReference; lastKnownFileType = sourcecode.c.h; path = AppDelegate.h; sourceTree = "<group>"; };
		1D3431CA24C990B500B2C6AD /* AppDelegate.m */ = {isa = PBXFileReference; lastKnownFileType = sourcecode.c.objc; path = AppDelegate.m; sourceTree = "<group>"; };
		1D3431CF24C990B500B2C6AD /* ViewController.h */ = {isa = PBXFileReference; lastKnownFileType = sourcecode.c.h; path = ViewController.h; sourceTree = "<group>"; };
		1D3431D024C990B500B2C6AD /* ViewController.m */ = {isa = PBXFileReference; lastKnownFileType = sourcecode.c.objc; path = ViewController.m; sourceTree = "<group>"; };
		1D3431D524C990B700B2C6AD /* Assets.xcassets */ = {isa = PBXFileReference; lastKnownFileType = folder.assetcatalog; path = Assets.xcassets; sourceTree = "<group>"; };
		1D3431D824C990B700B2C6AD /* Base */ = {isa = PBXFileReference; lastKnownFileType = file.storyboard; name = Base; path = Base.lproj/LaunchScreen.storyboard; sourceTree = "<group>"; };
		1D3431DA24C990B700B2C6AD /* Info.plist */ = {isa = PBXFileReference; lastKnownFileType = text.plist.xml; path = Info.plist; sourceTree = "<group>"; };
		1D3431DB24C990B700B2C6AD /* main.m */ = {isa = PBXFileReference; lastKnownFileType = sourcecode.c.objc; path = main.m; sourceTree = "<group>"; };
		1D3431E224C994F800B2C6AD /* LMUProxyObj.h */ = {isa = PBXFileReference; lastKnownFileType = sourcecode.c.h; path = LMUProxyObj.h; sourceTree = "<group>"; };
		1D3431E324C994F800B2C6AD /* LMUProxyObj.m */ = {isa = PBXFileReference; lastKnownFileType = sourcecode.c.objc; path = LMUProxyObj.m; sourceTree = "<group>"; };
/* End PBXFileReference section */

/* Begin PBXFrameworksBuildPhase section */
		1D3431C324C990B500B2C6AD /* Frameworks */ = {
			isa = PBXFrameworksBuildPhase;
			buildActionMask = 2147483647;
			files = (
			);
			runOnlyForDeploymentPostprocessing = 0;
		};
/* End PBXFrameworksBuildPhase section */

/* Begin PBXGroup section */
		1D3431BD24C990B500B2C6AD = {
			isa = PBXGroup;
			children = (
				1D3431C824C990B500B2C6AD /* LMUProxyObjTest */,
				1D3431C724C990B500B2C6AD /* Products */,
			);
			sourceTree = "<group>";
		};
		1D3431C724C990B500B2C6AD /* Products */ = {
			isa = PBXGroup;
			children = (
				1D3431C624C990B500B2C6AD /* LMUProxyObjTest.app */,
			);
			name = Products;
			sourceTree = "<group>";
		};
		1D3431C824C990B500B2C6AD /* LMUProxyObjTest */ = {
			isa = PBXGroup;
			children = (
				1D3431C924C990B500B2C6AD /* AppDelegate.h */,
				1D3431CA24C990B500B2C6AD /* AppDelegate.m */,
				1D3431CF24C990B500B2C6AD /* ViewController.h */,
				1D3431D024C990B500B2C6AD /* ViewController.m */,
				1D3431E224C994F800B2C6AD /* LMUProxyObj.h */,
				1D3431E324C994F800B2C6AD /* LMUProxyObj.m */,
				1D3431D524C990B700B2C6AD /* Assets.xcassets */,
				1D3431D724C990B700B2C6AD /* LaunchScreen.storyboard */,
				1D3431DA24C990B700B2C6AD /* Info.plist */,
				1D3431DB24C990B700B2C6AD /* main.m */,
			);
			path = LMUProxyObjTest;
			sourceTree = "<group>";
		};
/* End PBXGroup section */

/* Begin PBXNativeTarget section */
		1D3431C524C990B500B2C6AD /* LMUProxyObjTest */ = {
			isa = PBXNativeTarget;
			buildConfigurationList = 1D3431DF24C990B700B2C6AD /* Build configuration list for PBXNativeTarget "LMUProxyObjTest" */;
			buildPhases = (
				1D3431C224C990B500B2C6AD /* Sources */,
				1D3431C324C990B500B2C6AD /* Frameworks */,
				1D3431C424C990B500B2C6AD /* Resources */,
			);
			buildRules = (
			);
			dependencies = (
			);
			name = LMUProxyObjTest;
			productName = LMUProxyObjTest;
			productReference = 1D3431C624C990B500B2C6AD /* LMUProxyObjTest.app */;
			productType = "com.apple.product-type.application";
		};
/* End PBXNativeTarget section */

/* Begin PBXProject section */
		1D3431BE24C990B500B2C6AD /* Project object */ = {
			isa = PBXProject;
			attributes = {
				LastUpgradeCheck = 1160;
				ORGANIZATIONNAME = Miul;
				TargetAttributes = {
					1D3431C524C990B500B2C6AD = {
						CreatedOnToolsVersion = 11.6;
					};
				};
			};
			buildConfigurationList = 1D3431C124C990B500B2C6AD /* Build configuration list for PBXProject "LMUProxyObjTest" */;
			compatibilityVersion = "Xcode 9.3";
			developmentRegion = en;
			hasScannedForEncodings = 0;
			knownRegions = (
				en,
				Base,
			);
			mainGroup = 1D3431BD24C990B500B2C6AD;
			productRefGroup = 1D3431C724C990B500B2C6AD /* Products */;
			projectDirPath = "";
			projectRoot = "";
			targets = (
				1D3431C524C990B500B2C6AD /* LMUProxyObjTest */,
			);
		};
/* End PBXProject section */

/* Begin PBXResourcesBuildPhase section */
		1D3431C424C990B500B2C6AD /* Resources */ = {
			isa = PBXResourcesBuildPhase;
			buildActionMask = 2147483647;
			files = (
				1D3431D924C990B700B2C6AD /* LaunchScreen.storyboard in Resources */,
				1D3431D624C990B700B2C6AD /* Assets.xcassets in Resources */,
			);
			runOnlyForDeploymentPostprocessing = 0;
		};
/* End PBXResourcesBuildPhase section */

/* Begin PBXSourcesBuildPhase section */
		1D3431C224C990B500B2C6AD /* Sources */ = {
			isa = PBXSourcesBuildPhase;
			buildActionMask = 2147483647;
			files = (
				1D3431D124C990B500B2C6AD /* ViewController.m in Sources */,
				1D3431CB24C990B500B2C6AD /* AppDelegate.m in Sources */,
				1D3431DC24C990B700B2C6AD /* main.m in Sources */,
				1D3431E424C994F800B2C6AD /* LMUProxyObj.m in Sources */,
			);
			runOnlyForDeploymentPostprocessing = 0;
		};
/* End PBXSourcesBuildPhase section */

/* Begin PBXVariantGroup section */
		1D3431D724C990B700B2C6AD /* LaunchScreen.storyboard */ = {
			isa = PBXVariantGroup;
			children = (
				1D3431D824C990B700B2C6AD /* Base */,
			);
			name = LaunchScreen.storyboard;
			sourceTree = "<group>";
		};
/* End PBXVariantGroup section */

/* Begin XCBuildConfiguration section */
		1D3431DD24C990B700B2C6AD /* Debug */ = {
			isa = XCBuildConfiguration;
			buildSettings = {
				ALWAYS_SEARCH_USER_PATHS = NO;
				CLANG_ANALYZER_NONNULL = YES;
				CLANG_ANALYZER_NUMBER_OBJECT_CONVERSION = YES_AGGRESSIVE;
				CLANG_CXX_LANGUAGE_STANDARD = "gnu++14";
				CLANG_CXX_LIBRARY = "libc++";
				CLANG_ENABLE_MODULES = YES;
				CLANG_ENABLE_OBJC_ARC = YES;
				CLANG_ENABLE_OBJC_WEAK = YES;
				CLANG_WARN_BLOCK_CAPTURE_AUTORELEASING = YES;
				CLANG_WARN_BOOL_CONVERSION = YES;
				CLANG_WARN_COMMA = YES;
				CLANG_WARN_CONSTANT_CONVERSION = YES;
				CLANG_WARN_DEPRECATED_OBJC_IMPLEMENTATIONS = YES;
				CLANG_WARN_DIRECT_OBJC_ISA_USAGE = YES_ERROR;
				CLANG_WARN_DOCUMENTATION_COMMENTS = YES;
				CLANG_WARN_EMPTY_BODY = YES;
				CLANG_WARN_ENUM_CONVERSION = YES;
				CLANG_WARN_INFINITE_RECURSION = YES;
				CLANG_WARN_INT_CONVERSION = YES;
				CLANG_WARN_NON_LITERAL_NULL_CONVERSION = YES;
				CLANG_WARN_OBJC_IMPLICIT_RETAIN_SELF = YES;
				CLANG_WARN_OBJC_LITERAL_CONVERSION = YES;
				CLANG_WARN_OBJC_ROOT_CLASS = YES_ERROR;
				CLANG_WARN_RANGE_LOOP_ANALYSIS = YES;
				CLANG_WARN_STRICT_PROTOTYPES = YES;
				CLANG_WARN_SUSPICIOUS_MOVE = YES;
				CLANG_WARN_UNGUARDED_AVAILABILITY = YES_AGGRESSIVE;
				CLANG_WARN_UNREACHABLE_CODE = YES;
				CLANG_WARN__DUPLICATE_METHOD_MATCH = YES;
				COPY_PHASE_STRIP = NO;
				DEBUG_INFORMATION_FORMAT = dwarf;
				ENABLE_STRICT_OBJC_MSGSEND = YES;
				ENABLE_TESTABILITY = YES;
				GCC_C_LANGUAGE_STANDARD = gnu11;
				GCC_DYNAMIC_NO_PIC = NO;
				GCC_NO_COMMON_BLOCKS = YES;
				GCC_OPTIMIZATION_LEVEL = 0;
				GCC_PREPROCESSOR_DEFINITIONS = (
					"DEBUG=1",
					"$(inherited)",
				);
				GCC_WARN_64_TO_32_BIT_CONVERSION = YES;
				GCC_WARN_ABOUT_RETURN_TYPE = YES_ERROR;
				GCC_WARN_UNDECLARED_SELECTOR = YES;
				GCC_WARN_UNINITIALIZED_AUTOS = YES_AGGRESSIVE;
				GCC_WARN_UNUSED_FUNCTION = YES;
				GCC_WARN_UNUSED_VARIABLE = YES;
				IPHONEOS_DEPLOYMENT_TARGET = 13.6;
				MTL_ENABLE_DEBUG_INFO = INCLUDE_SOURCE;
				MTL_FAST_MATH = YES;
				ONLY_ACTIVE_ARCH = YES;
				SDKROOT = iphoneos;
			};
			name = Debug;
		};
		1D3431DE24C990B700B2C6AD /* Release */ = {
			isa = XCBuildConfiguration;
			buildSettings = {
				ALWAYS_SEARCH_USER_PATHS = NO;
				CLANG_ANALYZER_NONNULL = YES;
				CLANG_ANALYZER_NUMBER_OBJECT_CONVERSION = YES_AGGRESSIVE;
				CLANG_CXX_LANGUAGE_STANDARD = "gnu++14";
				CLANG_CXX_LIBRARY = "libc++";
				CLANG_ENABLE_MODULES = YES;
				CLANG_ENABLE_OBJC_ARC = YES;
				CLANG_ENABLE_OBJC_WEAK = YES;
				CLANG_WARN_BLOCK_CAPTURE_AUTORELEASING = YES;
				CLANG_WARN_BOOL_CONVERSION = YES;
				CLANG_WARN_COMMA = YES;
				CLANG_WARN_CONSTANT_CONVERSION = YES;
				CLANG_WARN_DEPRECATED_OBJC_IMPLEMENTATIONS = YES;
				CLANG_WARN_DIRECT_OBJC_ISA_USAGE = YES_ERROR;
				CLANG_WARN_DOCUMENTATION_COMMENTS = YES;
				CLANG_WARN_EMPTY_BODY = YES;
				CLANG_WARN_ENUM_CONVERSION = YES;
				CLANG_WARN_INFINITE_RECURSION = YES;
				CLANG_WARN_INT_CONVERSION = YES;
				CLANG_WARN_NON_LITERAL_NULL_CONVERSION = YES;
				CLANG_WARN_OBJC_IMPLICIT_RETAIN_SELF = YES;
				CLANG_WARN_OBJC_LITERAL_CONVERSION = YES;
				CLANG_WARN_OBJC_ROOT_CLASS = YES_ERROR;
				CLANG_WARN_RANGE_LOOP_ANALYSIS = YES;
				CLANG_WARN_STRICT_PROTOTYPES = YES;
				CLANG_WARN_SUSPICIOUS_MOVE = YES;
				CLANG_WARN_UNGUARDED_AVAILABILITY = YES_AGGRESSIVE;
				CLANG_WARN_UNREACHABLE_CODE = YES;
				CLANG_WARN__DUPLICATE_METHOD_MATCH = YES;
				COPY_PHASE_STRIP = NO;
				DEBUG_INFORMATION_FORMAT = "dwarf-with-dsym";
				ENABLE_NS_ASSERTIONS = NO;
				ENABLE_STRICT_OBJC_MSGSEND = YES;
				GCC_C_LANGUAGE_STANDARD = gnu11;
				GCC_NO_COMMON_BLOCKS = YES;
				GCC_WARN_64_TO_32_BIT_CONVERSION = YES;
				GCC_WARN_ABOUT_RETURN_TYPE = YES_ERROR;
				GCC_WARN_UNDECLARED_SELECTOR = YES;
				GCC_WARN_UNINITIALIZED_AUTOS = YES_AGGRESSIVE;
				GCC_WARN_UNUSED_FUNCTION = YES;
				GCC_WARN_UNUSED_VARIABLE = YES;
				IPHONEOS_DEPLOYMENT_TARGET = 13.6;
				MTL_ENABLE_DEBUG_INFO = NO;
				MTL_FAST_MATH = YES;
				SDKROOT = iphoneos;
				VALIDATE_PRODUCT = YES;
			};
			name = Release;
		};
		1D3431E024C990B700B2C6AD /* Debug */ = {
			isa = XCBuildConfiguration;
			buildSettings = {
				ASSETCATALOG_COMPILER_APPICON_NAME = AppIcon;
				CODE_SIGN_STYLE = Automatic;
				DEVELOPMENT_TEAM = DFS5TV54FJ;
				INFOPLIST_FILE = LMUProxyObjTest/Info.plist;
				IPHONEOS_DEPLOYMENT_TARGET = 10.0;
				LD_RUNPATH_SEARCH_PATHS = (
					"$(inherited)",
					"@executable_path/Frameworks",
				);
				PRODUCT_BUNDLE_IDENTIFIER = com.miul.LMUProxyObjTest;
				PRODUCT_NAME = "$(TARGET_NAME)";
				TARGETED_DEVICE_FAMILY = 1;
			};
			name = Debug;
		};
		1D3431E124C990B700B2C6AD /* Release */ = {
			isa = XCBuildConfiguration;
			buildSettings = {
				ASSETCATALOG_COMPILER_APPICON_NAME = AppIcon;
				CODE_SIGN_STYLE = Automatic;
				DEVELOPMENT_TEAM = DFS5TV54FJ;
				INFOPLIST_FILE = LMUProxyObjTest/Info.plist;
				IPHONEOS_DEPLOYMENT_TARGET = 10.0;
				LD_RUNPATH_SEARCH_PATHS = (
					"$(inherited)",
					"@executable_path/Frameworks",
				);
				PRODUCT_BUNDLE_IDENTIFIER = com.miul.LMUProxyObjTest;
				PRODUCT_NAME = "$(TARGET_NAME)";
				TARGETED_DEVICE_FAMILY = 1;
			};
			name = Release;
		};
/* End XCBuildConfiguration section */

/* Begin XCConfigurationList section */
		1D3431C124C990B500B2C6AD /* Build configuration list for PBXProject "LMUProxyObjTest" */ = {
			isa = XCConfigurationList;
			buildConfigurations = (
				1D3431DD24C990B700B2C6AD /* Debug */,
				1D3431DE24C990B700B2C6AD /* Release */,
			);
			defaultConfigurationIsVisible = 0;
			defaultConfigurationName = Release;
		};
		1D3431DF24C990B700B2C6AD /* Build configuration list for PBXNativeTarget "LMUProxyObjTest" */ = {
			isa = XCConfigurationList;
			buildConfigurations = (
				1D3431E024C990B700B2C6AD /* Debug */,
				1D3431E124C990B700B2C6AD /* Release */,
			);
			defaultConfigurationIsVisible = 0;
			defaultConfigurationName = Release;
		};
/* End XCConfigurationList section */
	};
	rootObject = 1D3431BE24C990B500B2C6AD /* Project object */;
}
